
Microsoft Visual Studio Solution File, Format Version 12.00
# Visual Studio Version 17
VisualStudioVersion = 17.0.32112.339
MinimumVisualStudioVersion = 10.0.40219.1
Project("{FAE04EC0-301F-11D3-BF4B-00C04F79EFBC}") = "Motus", "Motus.csproj", "{7581A14A-B61E-4984-92B0-29A441D75ADA}"
EndProject
Global
	GlobalSection(SolutionConfigurationPlatforms) = preSolution
		Debug|Any CPU = Debug|Any CPU
		Release|Any CPU = Release|Any CPU
	EndGlobalSection
	GlobalSection(ProjectConfigurationPlatforms) = postSolution
		{7581A14A-B61E-4984-92B0-29A441D75ADA}.Debug|Any CPU.ActiveCfg = Debug|Any CPU
		{7581A14A-B61E-4984-92B0-29A441D75ADA}.Debug|Any CPU.Build.0 = Debug|Any CPU
		{7581A14A-B61E-4984-92B0-29A441D75ADA}.Release|Any CPU.ActiveCfg = Release|Any CPU
		{7581A14A-B61E-4984-92B0-29A441D75ADA}.Release|Any CPU.Build.0 = Release|Any CPU
	EndGlobalSection
	GlobalSection(SolutionProperties) = preSolution
		HideSolutionNode = FALSE
	EndGlobalSection
	GlobalSection(ExtensibilityGlobals) = postSolution
		SolutionGuid = {6696B35F-7809-4DBD-BFA0-6C9D8757D809}
	EndGlobalSection
EndGlobal
